
Microsoft Visual Studio Solution File, Format Version 12.00
# Visual Studio Version 16
VisualStudioVersion = 16.0.29025.244
MinimumVisualStudioVersion = 10.0.40219.1
Project("{9A19103F-16F7-4668-BE54-9A1E7A4F7556}") = "MQServer", "MQServer\MQServer.csproj", "{83CB28EA-2648-4B65-A4B2-BB5526E3E2B4}"
EndProject
Project("{FAE04EC0-301F-11D3-BF4B-00C04F79EFBC}") = "SocketHelper", "SocketHelper\SocketHelper.csproj", "{4E0DCAEB-B097-465F-B8E9-7E513B5C282D}"
EndProject
Global
	GlobalSection(SolutionConfigurationPlatforms) = preSolution
		Debug|Any CPU = Debug|Any CPU
		Release|Any CPU = Release|Any CPU
	EndGlobalSection
	GlobalSection(ProjectConfigurationPlatforms) = postSolution
		{83CB28EA-2648-4B65-A4B2-BB5526E3E2B4}.Debug|Any CPU.ActiveCfg = Debug|Any CPU
		{83CB28EA-2648-4B65-A4B2-BB5526E3E2B4}.Debug|Any CPU.Build.0 = Debug|Any CPU
		{83CB28EA-2648-4B65-A4B2-BB5526E3E2B4}.Release|Any CPU.ActiveCfg = Release|Any CPU
		{83CB28EA-2648-4B65-A4B2-BB5526E3E2B4}.Release|Any CPU.Build.0 = Release|Any CPU
		{4E0DCAEB-B097-465F-B8E9-7E513B5C282D}.Debug|Any CPU.ActiveCfg = Debug|Any CPU
		{4E0DCAEB-B097-465F-B8E9-7E513B5C282D}.Debug|Any CPU.Build.0 = Debug|Any CPU
		{4E0DCAEB-B097-465F-B8E9-7E513B5C282D}.Release|Any CPU.ActiveCfg = Release|Any CPU
		{4E0DCAEB-B097-465F-B8E9-7E513B5C282D}.Release|Any CPU.Build.0 = Release|Any CPU
	EndGlobalSection
	GlobalSection(SolutionProperties) = preSolution
		HideSolutionNode = FALSE
	EndGlobalSection
	GlobalSection(ExtensibilityGlobals) = postSolution
		SolutionGuid = {1667434D-5250-469B-9FCB-237333A97F9B}
	EndGlobalSection
EndGlobal
